// !$*UTF8*$!
{
	archiveVersion = 1;
	classes = {
	};
	objectVersion = 46;
	objects = {

/* Begin PBXBuildFile section */
		9405F70D1C535D3000C39CD8 /* main.m in Sources */ = {isa = PBXBuildFile; fileRef = 9405F70C1C535D3000C39CD8 /* main.m */; };
		9405F7101C535D3000C39CD8 /* AppDelegate.m in Sources */ = {isa = PBXBuildFile; fileRef = 9405F70F1C535D3000C39CD8 /* AppDelegate.m */; };
		9405F7131C535D3000C39CD8 /* ViewController.m in Sources */ = {isa = PBXBuildFile; fileRef = 9405F7121C535D3000C39CD8 /* ViewController.m */; };
		9405F7161C535D3000C39CD8 /* Main.storyboard in Resources */ = {isa = PBXBuildFile; fileRef = 9405F7141C535D3000C39CD8 /* Main.storyboard */; };
		9405F7181C535D3000C39CD8 /* Assets.xcassets in Resources */ = {isa = PBXBuildFile; fileRef = 9405F7171C535D3000C39CD8 /* Assets.xcassets */; };
		9405F71B1C535D3000C39CD8 /* LaunchScreen.storyboard in Resources */ = {isa = PBXBuildFile; fileRef = 9405F7191C535D3000C39CD8 /* LaunchScreen.storyboard */; };
		9405F7261C535D3000C39CD8 /* Siri_2_0Tests.m in Sources */ = {isa = PBXBuildFile; fileRef = 9405F7251C535D3000C39CD8 /* Siri_2_0Tests.m */; };
		9405F7311C535D3000C39CD8 /* Siri_2_0UITests.m in Sources */ = {isa = PBXBuildFile; fileRef = 9405F7301C535D3000C39CD8 /* Siri_2_0UITests.m */; };
		9405F7401C535D6D00C39CD8 /* Bolts.framework in Frameworks */ = {isa = PBXBuildFile; fileRef = 9405F73E1C535D6D00C39CD8 /* Bolts.framework */; };
		9405F7411C535D6D00C39CD8 /* Parse.framework in Frameworks */ = {isa = PBXBuildFile; fileRef = 9405F73F1C535D6D00C39CD8 /* Parse.framework */; };
		9405F7431C535D9A00C39CD8 /* AudioToolbox.framework in Frameworks */ = {isa = PBXBuildFile; fileRef = 9405F7421C535D9A00C39CD8 /* AudioToolbox.framework */; };
		9405F7451C535DA000C39CD8 /* CFNetwork.framework in Frameworks */ = {isa = PBXBuildFile; fileRef = 9405F7441C535DA000C39CD8 /* CFNetwork.framework */; };
		9405F7471C535DA700C39CD8 /* CoreGraphics.framework in Frameworks */ = {isa = PBXBuildFile; fileRef = 9405F7461C535DA700C39CD8 /* CoreGraphics.framework */; };
		9405F7491C535DB100C39CD8 /* QuartzCore.framework in Frameworks */ = {isa = PBXBuildFile; fileRef = 9405F7481C535DB100C39CD8 /* QuartzCore.framework */; };
		9405F74B1C535DB700C39CD8 /* Security.framework in Frameworks */ = {isa = PBXBuildFile; fileRef = 9405F74A1C535DB700C39CD8 /* Security.framework */; };
		9405F74D1C535DBF00C39CD8 /* StoreKit.framework in Frameworks */ = {isa = PBXBuildFile; fileRef = 9405F74C1C535DBF00C39CD8 /* StoreKit.framework */; };
		9405F74F1C535DCB00C39CD8 /* SystemConfiguration.framework in Frameworks */ = {isa = PBXBuildFile; fileRef = 9405F74E1C535DCB00C39CD8 /* SystemConfiguration.framework */; };
		9405F7511C535DD400C39CD8 /* libz.tbd in Frameworks */ = {isa = PBXBuildFile; fileRef = 9405F7501C535DD400C39CD8 /* libz.tbd */; };
		9405F7531C535DDD00C39CD8 /* libsqlite3.tbd in Frameworks */ = {isa = PBXBuildFile; fileRef = 9405F7521C535DDD00C39CD8 /* libsqlite3.tbd */; };
		9405F7571C535E1F00C39CD8 /* Constants.m in Sources */ = {isa = PBXBuildFile; fileRef = 9405F7561C535E1F00C39CD8 /* Constants.m */; };
		9405F7591C535EBA00C39CD8 /* Constants.plist in Resources */ = {isa = PBXBuildFile; fileRef = 9405F7581C535EBA00C39CD8 /* Constants.plist */; };
		9405F75D1C53647500C39CD8 /* AVFoundation.framework in Frameworks */ = {isa = PBXBuildFile; fileRef = 9405F75C1C53647500C39CD8 /* AVFoundation.framework */; };
		9405F75F1C53648500C39CD8 /* Accelerate.framework in Frameworks */ = {isa = PBXBuildFile; fileRef = 9405F75E1C53648500C39CD8 /* Accelerate.framework */; };
		9405F7611C5364B300C39CD8 /* libc++.tbd in Frameworks */ = {isa = PBXBuildFile; fileRef = 9405F7601C5364B300C39CD8 /* libc++.tbd */; };
		9405F7671C53685B00C39CD8 /* HoundSDK in Resources */ = {isa = PBXBuildFile; fileRef = 9405F7661C53685B00C39CD8 /* HoundSDK */; };
		9405F7691C5368AA00C39CD8 /* libHoundSDK.a in Frameworks */ = {isa = PBXBuildFile; fileRef = 9405F7681C5368AA00C39CD8 /* libHoundSDK.a */; };
		9405F76E1C53D6BB00C39CD8 /* MainViewController.m in Sources */ = {isa = PBXBuildFile; fileRef = 9405F76C1C53D6BB00C39CD8 /* MainViewController.m */; };
		9405F76F1C53D6BB00C39CD8 /* MainViewController.xib in Resources */ = {isa = PBXBuildFile; fileRef = 9405F76D1C53D6BB00C39CD8 /* MainViewController.xib */; };
/* End PBXBuildFile section */

/* Begin PBXContainerItemProxy section */
		9405F7221C535D3000C39CD8 /* PBXContainerItemProxy */ = {
			isa = PBXContainerItemProxy;
			containerPortal = 9405F7001C535D3000C39CD8 /* Project object */;
			proxyType = 1;
			remoteGlobalIDString = 9405F7071C535D3000C39CD8;
			remoteInfo = "Siri 2.0";
		};
		9405F72D1C535D3000C39CD8 /* PBXContainerItemProxy */ = {
			isa = PBXContainerItemProxy;
			containerPortal = 9405F7001C535D3000C39CD8 /* Project object */;
			proxyType = 1;
			remoteGlobalIDString = 9405F7071C535D3000C39CD8;
			remoteInfo = "Siri 2.0";
		};
/* End PBXContainerItemProxy section */

/* Begin PBXFileReference section */
		9405F7081C535D3000C39CD8 /* Siri 2.0.app */ = {isa = PBXFileReference; explicitFileType = wrapper.application; includeInIndex = 0; path = "Siri 2.0.app"; sourceTree = BUILT_PRODUCTS_DIR; };
		9405F70C1C535D3000C39CD8 /* main.m */ = {isa = PBXFileReference; lastKnownFileType = sourcecode.c.objc; path = main.m; sourceTree = "<group>"; };
		9405F70E1C535D3000C39CD8 /* AppDelegate.h */ = {isa = PBXFileReference; lastKnownFileType = sourcecode.c.h; path = AppDelegate.h; sourceTree = "<group>"; };
		9405F70F1C535D3000C39CD8 /* AppDelegate.m */ = {isa = PBXFileReference; lastKnownFileType = sourcecode.c.objc; path = AppDelegate.m; sourceTree = "<group>"; };
		9405F7111C535D3000C39CD8 /* ViewController.h */ = {isa = PBXFileReference; lastKnownFileType = sourcecode.c.h; path = ViewController.h; sourceTree = "<group>"; };
		9405F7121C535D3000C39CD8 /* ViewController.m */ = {isa = PBXFileReference; lastKnownFileType = sourcecode.c.objc; path = ViewController.m; sourceTree = "<group>"; };
		9405F7151C535D3000C39CD8 /* Base */ = {isa = PBXFileReference; lastKnownFileType = file.storyboard; name = Base; path = Base.lproj/Main.storyboard; sourceTree = "<group>"; };
		9405F7171C535D3000C39CD8 /* Assets.xcassets */ = {isa = PBXFileReference; lastKnownFileType = folder.assetcatalog; path = Assets.xcassets; sourceTree = "<group>"; };
		9405F71A1C535D3000C39CD8 /* Base */ = {isa = PBXFileReference; lastKnownFileType = file.storyboard; name = Base; path = Base.lproj/LaunchScreen.storyboard; sourceTree = "<group>"; };
		9405F71C1C535D3000C39CD8 /* Info.plist */ = {isa = PBXFileReference; lastKnownFileType = text.plist.xml; path = Info.plist; sourceTree = "<group>"; };
		9405F7211C535D3000C39CD8 /* Siri 2.0Tests.xctest */ = {isa = PBXFileReference; explicitFileType = wrapper.cfbundle; includeInIndex = 0; path = "Siri 2.0Tests.xctest"; sourceTree = BUILT_PRODUCTS_DIR; };
		9405F7251C535D3000C39CD8 /* Siri_2_0Tests.m */ = {isa = PBXFileReference; lastKnownFileType = sourcecode.c.objc; path = Siri_2_0Tests.m; sourceTree = "<group>"; };
		9405F7271C535D3000C39CD8 /* Info.plist */ = {isa = PBXFileReference; lastKnownFileType = text.plist.xml; path = Info.plist; sourceTree = "<group>"; };
		9405F72C1C535D3000C39CD8 /* Siri 2.0UITests.xctest */ = {isa = PBXFileReference; explicitFileType = wrapper.cfbundle; includeInIndex = 0; path = "Siri 2.0UITests.xctest"; sourceTree = BUILT_PRODUCTS_DIR; };
		9405F7301C535D3000C39CD8 /* Siri_2_0UITests.m */ = {isa = PBXFileReference; lastKnownFileType = sourcecode.c.objc; path = Siri_2_0UITests.m; sourceTree = "<group>"; };
		9405F7321C535D3000C39CD8 /* Info.plist */ = {isa = PBXFileReference; lastKnownFileType = text.plist.xml; path = Info.plist; sourceTree = "<group>"; };
		9405F73E1C535D6D00C39CD8 /* Bolts.framework */ = {isa = PBXFileReference; lastKnownFileType = wrapper.framework; path = Bolts.framework; sourceTree = "<group>"; };
		9405F73F1C535D6D00C39CD8 /* Parse.framework */ = {isa = PBXFileReference; lastKnownFileType = wrapper.framework; path = Parse.framework; sourceTree = "<group>"; };
		9405F7421C535D9A00C39CD8 /* AudioToolbox.framework */ = {isa = PBXFileReference; lastKnownFileType = wrapper.framework; name = AudioToolbox.framework; path = System/Library/Frameworks/AudioToolbox.framework; sourceTree = SDKROOT; };
		9405F7441C535DA000C39CD8 /* CFNetwork.framework */ = {isa = PBXFileReference; lastKnownFileType = wrapper.framework; name = CFNetwork.framework; path = System/Library/Frameworks/CFNetwork.framework; sourceTree = SDKROOT; };
		9405F7461C535DA700C39CD8 /* CoreGraphics.framework */ = {isa = PBXFileReference; lastKnownFileType = wrapper.framework; name = CoreGraphics.framework; path = System/Library/Frameworks/CoreGraphics.framework; sourceTree = SDKROOT; };
		9405F7481C535DB100C39CD8 /* QuartzCore.framework */ = {isa = PBXFileReference; lastKnownFileType = wrapper.framework; name = QuartzCore.framework; path = System/Library/Frameworks/QuartzCore.framework; sourceTree = SDKROOT; };
		9405F74A1C535DB700C39CD8 /* Security.framework */ = {isa = PBXFileReference; lastKnownFileType = wrapper.framework; name = Security.framework; path = System/Library/Frameworks/Security.framework; sourceTree = SDKROOT; };
		9405F74C1C535DBF00C39CD8 /* StoreKit.framework */ = {isa = PBXFileReference; lastKnownFileType = wrapper.framework; name = StoreKit.framework; path = System/Library/Frameworks/StoreKit.framework; sourceTree = SDKROOT; };
		9405F74E1C535DCB00C39CD8 /* SystemConfiguration.framework */ = {isa = PBXFileReference; lastKnownFileType = wrapper.framework; name = SystemConfiguration.framework; path = System/Library/Frameworks/SystemConfiguration.framework; sourceTree = SDKROOT; };
		9405F7501C535DD400C39CD8 /* libz.tbd */ = {isa = PBXFileReference; lastKnownFileType = "sourcecode.text-based-dylib-definition"; name = libz.tbd; path = usr/lib/libz.tbd; sourceTree = SDKROOT; };
		9405F7521C535DDD00C39CD8 /* libsqlite3.tbd */ = {isa = PBXFileReference; lastKnownFileType = "sourcecode.text-based-dylib-definition"; name = libsqlite3.tbd; path = usr/lib/libsqlite3.tbd; sourceTree = SDKROOT; };
		9405F7551C535E1F00C39CD8 /* Constants.h */ = {isa = PBXFileReference; fileEncoding = 4; lastKnownFileType = sourcecode.c.h; path = Constants.h; sourceTree = "<group>"; };
		9405F7561C535E1F00C39CD8 /* Constants.m */ = {isa = PBXFileReference; fileEncoding = 4; lastKnownFileType = sourcecode.c.objc; path = Constants.m; sourceTree = "<group>"; };
		9405F7581C535EBA00C39CD8 /* Constants.plist */ = {isa = PBXFileReference; fileEncoding = 4; lastKnownFileType = text.plist.xml; path = Constants.plist; sourceTree = "<group>"; };
		9405F75C1C53647500C39CD8 /* AVFoundation.framework */ = {isa = PBXFileReference; lastKnownFileType = wrapper.framework; name = AVFoundation.framework; path = System/Library/Frameworks/AVFoundation.framework; sourceTree = SDKROOT; };
		9405F75E1C53648500C39CD8 /* Accelerate.framework */ = {isa = PBXFileReference; lastKnownFileType = wrapper.framework; name = Accelerate.framework; path = System/Library/Frameworks/Accelerate.framework; sourceTree = SDKROOT; };
		9405F7601C5364B300C39CD8 /* libc++.tbd */ = {isa = PBXFileReference; lastKnownFileType = "sourcecode.text-based-dylib-definition"; name = "libc++.tbd"; path = "usr/lib/libc++.tbd"; sourceTree = SDKROOT; };
		9405F7661C53685B00C39CD8 /* HoundSDK */ = {isa = PBXFileReference; lastKnownFileType = folder; path = HoundSDK; sourceTree = "<group>"; };
		9405F7681C5368AA00C39CD8 /* libHoundSDK.a */ = {isa = PBXFileReference; lastKnownFileType = archive.ar; name = libHoundSDK.a; path = HoundSDK/libHoundSDK.a; sourceTree = "<group>"; };
		9405F76B1C53D6BB00C39CD8 /* MainViewController.h */ = {isa = PBXFileReference; fileEncoding = 4; lastKnownFileType = sourcecode.c.h; path = MainViewController.h; sourceTree = "<group>"; };
		9405F76C1C53D6BB00C39CD8 /* MainViewController.m */ = {isa = PBXFileReference; fileEncoding = 4; lastKnownFileType = sourcecode.c.objc; path = MainViewController.m; sourceTree = "<group>"; };
		9405F76D1C53D6BB00C39CD8 /* MainViewController.xib */ = {isa = PBXFileReference; fileEncoding = 4; lastKnownFileType = file.xib; path = MainViewController.xib; sourceTree = "<group>"; };
/* End PBXFileReference section */

/* Begin PBXFrameworksBuildPhase section */
		9405F7051C535D3000C39CD8 /* Frameworks */ = {
			isa = PBXFrameworksBuildPhase;
			buildActionMask = 2147483647;
			files = (
				9405F7691C5368AA00C39CD8 /* libHoundSDK.a in Frameworks */,
				9405F7611C5364B300C39CD8 /* libc++.tbd in Frameworks */,
				9405F75F1C53648500C39CD8 /* Accelerate.framework in Frameworks */,
				9405F7431C535D9A00C39CD8 /* AudioToolbox.framework in Frameworks */,
				9405F75D1C53647500C39CD8 /* AVFoundation.framework in Frameworks */,
				9405F7531C535DDD00C39CD8 /* libsqlite3.tbd in Frameworks */,
				9405F7511C535DD400C39CD8 /* libz.tbd in Frameworks */,
				9405F74F1C535DCB00C39CD8 /* SystemConfiguration.framework in Frameworks */,
				9405F74D1C535DBF00C39CD8 /* StoreKit.framework in Frameworks */,
				9405F74B1C535DB700C39CD8 /* Security.framework in Frameworks */,
				9405F7491C535DB100C39CD8 /* QuartzCore.framework in Frameworks */,
				9405F7471C535DA700C39CD8 /* CoreGraphics.framework in Frameworks */,
				9405F7451C535DA000C39CD8 /* CFNetwork.framework in Frameworks */,
				9405F7411C535D6D00C39CD8 /* Parse.framework in Frameworks */,
				9405F7401C535D6D00C39CD8 /* Bolts.framework in Frameworks */,
			);
			runOnlyForDeploymentPostprocessing = 0;
		};
		9405F71E1C535D3000C39CD8 /* Frameworks */ = {
			isa = PBXFrameworksBuildPhase;
			buildActionMask = 2147483647;
			files = (
			);
			runOnlyForDeploymentPostprocessing = 0;
		};
		9405F7291C535D3000C39CD8 /* Frameworks */ = {
			isa = PBXFrameworksBuildPhase;
			buildActionMask = 2147483647;
			files = (
			);
			runOnlyForDeploymentPostprocessing = 0;
		};
/* End PBXFrameworksBuildPhase section */

/* Begin PBXGroup section */
		9405F6FF1C535D3000C39CD8 = {
			isa = PBXGroup;
			children = (
				9405F70A1C535D3000C39CD8 /* Siri 2.0 */,
				9405F7541C535E0300C39CD8 /* Frameworks and Libraries */,
				9405F7241C535D3000C39CD8 /* Siri 2.0Tests */,
				9405F72F1C535D3000C39CD8 /* Siri 2.0UITests */,
				9405F7091C535D3000C39CD8 /* Products */,
			);
			sourceTree = "<group>";
		};
		9405F7091C535D3000C39CD8 /* Products */ = {
			isa = PBXGroup;
			children = (
				9405F7081C535D3000C39CD8 /* Siri 2.0.app */,
				9405F7211C535D3000C39CD8 /* Siri 2.0Tests.xctest */,
				9405F72C1C535D3000C39CD8 /* Siri 2.0UITests.xctest */,
			);
			name = Products;
			sourceTree = "<group>";
		};
		9405F70A1C535D3000C39CD8 /* Siri 2.0 */ = {
			isa = PBXGroup;
			children = (
				9405F7701C53D6C100C39CD8 /* Main View Controller */,
				9405F70E1C535D3000C39CD8 /* AppDelegate.h */,
				9405F70F1C535D3000C39CD8 /* AppDelegate.m */,
				9405F76A1C5368DE00C39CD8 /* Constants */,
				9405F7111C535D3000C39CD8 /* ViewController.h */,
				9405F7121C535D3000C39CD8 /* ViewController.m */,
				9405F7141C535D3000C39CD8 /* Main.storyboard */,
				9405F7171C535D3000C39CD8 /* Assets.xcassets */,
				9405F7191C535D3000C39CD8 /* LaunchScreen.storyboard */,
				9405F71C1C535D3000C39CD8 /* Info.plist */,
				9405F70B1C535D3000C39CD8 /* Supporting Files */,
			);
			path = "Siri 2.0";
			sourceTree = "<group>";
		};
		9405F70B1C535D3000C39CD8 /* Supporting Files */ = {
			isa = PBXGroup;
			children = (
				9405F70C1C535D3000C39CD8 /* main.m */,
			);
			name = "Supporting Files";
			sourceTree = "<group>";
		};
		9405F7241C535D3000C39CD8 /* Siri 2.0Tests */ = {
			isa = PBXGroup;
			children = (
				9405F7251C535D3000C39CD8 /* Siri_2_0Tests.m */,
				9405F7271C535D3000C39CD8 /* Info.plist */,
			);
			path = "Siri 2.0Tests";
			sourceTree = "<group>";
		};
		9405F72F1C535D3000C39CD8 /* Siri 2.0UITests */ = {
			isa = PBXGroup;
			children = (
				9405F7301C535D3000C39CD8 /* Siri_2_0UITests.m */,
				9405F7321C535D3000C39CD8 /* Info.plist */,
			);
			path = "Siri 2.0UITests";
			sourceTree = "<group>";
		};
		9405F7541C535E0300C39CD8 /* Frameworks and Libraries */ = {
			isa = PBXGroup;
			children = (
				9405F7661C53685B00C39CD8 /* HoundSDK */,
				9405F7681C5368AA00C39CD8 /* libHoundSDK.a */,
				9405F7601C5364B300C39CD8 /* libc++.tbd */,
				9405F75E1C53648500C39CD8 /* Accelerate.framework */,
				9405F75C1C53647500C39CD8 /* AVFoundation.framework */,
				9405F7521C535DDD00C39CD8 /* libsqlite3.tbd */,
				9405F7501C535DD400C39CD8 /* libz.tbd */,
				9405F74E1C535DCB00C39CD8 /* SystemConfiguration.framework */,
				9405F74C1C535DBF00C39CD8 /* StoreKit.framework */,
				9405F74A1C535DB700C39CD8 /* Security.framework */,
				9405F7481C535DB100C39CD8 /* QuartzCore.framework */,
				9405F7461C535DA700C39CD8 /* CoreGraphics.framework */,
				9405F7441C535DA000C39CD8 /* CFNetwork.framework */,
				9405F7421C535D9A00C39CD8 /* AudioToolbox.framework */,
				9405F73E1C535D6D00C39CD8 /* Bolts.framework */,
				9405F73F1C535D6D00C39CD8 /* Parse.framework */,
			);
			name = "Frameworks and Libraries";
			sourceTree = "<group>";
		};
		9405F76A1C5368DE00C39CD8 /* Constants */ = {
			isa = PBXGroup;
			children = (
				9405F7551C535E1F00C39CD8 /* Constants.h */,
				9405F7561C535E1F00C39CD8 /* Constants.m */,
				9405F7581C535EBA00C39CD8 /* Constants.plist */,
			);
			name = Constants;
			sourceTree = "<group>";
		};
		9405F7701C53D6C100C39CD8 /* Main View Controller */ = {
			isa = PBXGroup;
			children = (
				9405F76B1C53D6BB00C39CD8 /* MainViewController.h */,
				9405F76C1C53D6BB00C39CD8 /* MainViewController.m */,
				9405F76D1C53D6BB00C39CD8 /* MainViewController.xib */,
			);
			name = "Main View Controller";
			sourceTree = "<group>";
		};
/* End PBXGroup section */

/* Begin PBXNativeTarget section */
		9405F7071C535D3000C39CD8 /* Siri 2.0 */ = {
			isa = PBXNativeTarget;
			buildConfigurationList = 9405F7351C535D3000C39CD8 /* Build configuration list for PBXNativeTarget "Siri 2.0" */;
			buildPhases = (
				9405F7041C535D3000C39CD8 /* Sources */,
				9405F7051C535D3000C39CD8 /* Frameworks */,
				9405F7061C535D3000C39CD8 /* Resources */,
			);
			buildRules = (
			);
			dependencies = (
			);
			name = "Siri 2.0";
			productName = "Siri 2.0";
			productReference = 9405F7081C535D3000C39CD8 /* Siri 2.0.app */;
			productType = "com.apple.product-type.application";
		};
		9405F7201C535D3000C39CD8 /* Siri 2.0Tests */ = {
			isa = PBXNativeTarget;
			buildConfigurationList = 9405F7381C535D3000C39CD8 /* Build configuration list for PBXNativeTarget "Siri 2.0Tests" */;
			buildPhases = (
				9405F71D1C535D3000C39CD8 /* Sources */,
				9405F71E1C535D3000C39CD8 /* Frameworks */,
				9405F71F1C535D3000C39CD8 /* Resources */,
			);
			buildRules = (
			);
			dependencies = (
				9405F7231C535D3000C39CD8 /* PBXTargetDependency */,
			);
			name = "Siri 2.0Tests";
			productName = "Siri 2.0Tests";
			productReference = 9405F7211C535D3000C39CD8 /* Siri 2.0Tests.xctest */;
			productType = "com.apple.product-type.bundle.unit-test";
		};
		9405F72B1C535D3000C39CD8 /* Siri 2.0UITests */ = {
			isa = PBXNativeTarget;
			buildConfigurationList = 9405F73B1C535D3000C39CD8 /* Build configuration list for PBXNativeTarget "Siri 2.0UITests" */;
			buildPhases = (
				9405F7281C535D3000C39CD8 /* Sources */,
				9405F7291C535D3000C39CD8 /* Frameworks */,
				9405F72A1C535D3000C39CD8 /* Resources */,
			);
			buildRules = (
			);
			dependencies = (
				9405F72E1C535D3000C39CD8 /* PBXTargetDependency */,
			);
			name = "Siri 2.0UITests";
			productName = "Siri 2.0UITests";
			productReference = 9405F72C1C535D3000C39CD8 /* Siri 2.0UITests.xctest */;
			productType = "com.apple.product-type.bundle.ui-testing";
		};
/* End PBXNativeTarget section */

/* Begin PBXProject section */
		9405F7001C535D3000C39CD8 /* Project object */ = {
			isa = PBXProject;
			attributes = {
				LastUpgradeCheck = 0720;
				ORGANIZATIONNAME = "Ryan D'souza";
				TargetAttributes = {
					9405F7071C535D3000C39CD8 = {
						CreatedOnToolsVersion = 7.2;
					};
					9405F7201C535D3000C39CD8 = {
						CreatedOnToolsVersion = 7.2;
						TestTargetID = 9405F7071C535D3000C39CD8;
					};
					9405F72B1C535D3000C39CD8 = {
						CreatedOnToolsVersion = 7.2;
						TestTargetID = 9405F7071C535D3000C39CD8;
					};
				};
			};
			buildConfigurationList = 9405F7031C535D3000C39CD8 /* Build configuration list for PBXProject "Siri 2.0" */;
			compatibilityVersion = "Xcode 3.2";
			developmentRegion = English;
			hasScannedForEncodings = 0;
			knownRegions = (
				en,
				Base,
			);
			mainGroup = 9405F6FF1C535D3000C39CD8;
			productRefGroup = 9405F7091C535D3000C39CD8 /* Products */;
			projectDirPath = "";
			projectRoot = "";
			targets = (
				9405F7071C535D3000C39CD8 /* Siri 2.0 */,
				9405F7201C535D3000C39CD8 /* Siri 2.0Tests */,
				9405F72B1C535D3000C39CD8 /* Siri 2.0UITests */,
			);
		};
/* End PBXProject section */

/* Begin PBXResourcesBuildPhase section */
		9405F7061C535D3000C39CD8 /* Resources */ = {
			isa = PBXResourcesBuildPhase;
			buildActionMask = 2147483647;
			files = (
				9405F7671C53685B00C39CD8 /* HoundSDK in Resources */,
				9405F76F1C53D6BB00C39CD8 /* MainViewController.xib in Resources */,
				9405F71B1C535D3000C39CD8 /* LaunchScreen.storyboard in Resources */,
				9405F7181C535D3000C39CD8 /* Assets.xcassets in Resources */,
				9405F7591C535EBA00C39CD8 /* Constants.plist in Resources */,
				9405F7161C535D3000C39CD8 /* Main.storyboard in Resources */,
			);
			runOnlyForDeploymentPostprocessing = 0;
		};
		9405F71F1C535D3000C39CD8 /* Resources */ = {
			isa = PBXResourcesBuildPhase;
			buildActionMask = 2147483647;
			files = (
			);
			runOnlyForDeploymentPostprocessing = 0;
		};
		9405F72A1C535D3000C39CD8 /* Resources */ = {
			isa = PBXResourcesBuildPhase;
			buildActionMask = 2147483647;
			files = (
			);
			runOnlyForDeploymentPostprocessing = 0;
		};
/* End PBXResourcesBuildPhase section */

/* Begin PBXSourcesBuildPhase section */
		9405F7041C535D3000C39CD8 /* Sources */ = {
			isa = PBXSourcesBuildPhase;
			buildActionMask = 2147483647;
			files = (
				9405F7131C535D3000C39CD8 /* ViewController.m in Sources */,
				9405F7101C535D3000C39CD8 /* AppDelegate.m in Sources */,
				9405F70D1C535D3000C39CD8 /* main.m in Sources */,
				9405F76E1C53D6BB00C39CD8 /* MainViewController.m in Sources */,
				9405F7571C535E1F00C39CD8 /* Constants.m in Sources */,
			);
			runOnlyForDeploymentPostprocessing = 0;
		};
		9405F71D1C535D3000C39CD8 /* Sources */ = {
			isa = PBXSourcesBuildPhase;
			buildActionMask = 2147483647;
			files = (
				9405F7261C535D3000C39CD8 /* Siri_2_0Tests.m in Sources */,
			);
			runOnlyForDeploymentPostprocessing = 0;
		};
		9405F7281C535D3000C39CD8 /* Sources */ = {
			isa = PBXSourcesBuildPhase;
			buildActionMask = 2147483647;
			files = (
				9405F7311C535D3000C39CD8 /* Siri_2_0UITests.m in Sources */,
			);
			runOnlyForDeploymentPostprocessing = 0;
		};
/* End PBXSourcesBuildPhase section */

/* Begin PBXTargetDependency section */
		9405F7231C535D3000C39CD8 /* PBXTargetDependency */ = {
			isa = PBXTargetDependency;
			target = 9405F7071C535D3000C39CD8 /* Siri 2.0 */;
			targetProxy = 9405F7221C535D3000C39CD8 /* PBXContainerItemProxy */;
		};
		9405F72E1C535D3000C39CD8 /* PBXTargetDependency */ = {
			isa = PBXTargetDependency;
			target = 9405F7071C535D3000C39CD8 /* Siri 2.0 */;
			targetProxy = 9405F72D1C535D3000C39CD8 /* PBXContainerItemProxy */;
		};
/* End PBXTargetDependency section */

/* Begin PBXVariantGroup section */
		9405F7141C535D3000C39CD8 /* Main.storyboard */ = {
			isa = PBXVariantGroup;
			children = (
				9405F7151C535D3000C39CD8 /* Base */,
			);
			name = Main.storyboard;
			sourceTree = "<group>";
		};
		9405F7191C535D3000C39CD8 /* LaunchScreen.storyboard */ = {
			isa = PBXVariantGroup;
			children = (
				9405F71A1C535D3000C39CD8 /* Base */,
			);
			name = LaunchScreen.storyboard;
			sourceTree = "<group>";
		};
/* End PBXVariantGroup section */

/* Begin XCBuildConfiguration section */
		9405F7331C535D3000C39CD8 /* Debug */ = {
			isa = XCBuildConfiguration;
			buildSettings = {
				ALWAYS_SEARCH_USER_PATHS = NO;
				CLANG_CXX_LANGUAGE_STANDARD = "gnu++0x";
				CLANG_CXX_LIBRARY = "libc++";
				CLANG_ENABLE_MODULES = YES;
				CLANG_ENABLE_OBJC_ARC = YES;
				CLANG_WARN_BOOL_CONVERSION = YES;
				CLANG_WARN_CONSTANT_CONVERSION = YES;
				CLANG_WARN_DIRECT_OBJC_ISA_USAGE = YES_ERROR;
				CLANG_WARN_EMPTY_BODY = YES;
				CLANG_WARN_ENUM_CONVERSION = YES;
				CLANG_WARN_INT_CONVERSION = YES;
				CLANG_WARN_OBJC_ROOT_CLASS = YES_ERROR;
				CLANG_WARN_UNREACHABLE_CODE = YES;
				CLANG_WARN__DUPLICATE_METHOD_MATCH = YES;
				"CODE_SIGN_IDENTITY[sdk=iphoneos*]" = "iPhone Developer";
				COPY_PHASE_STRIP = NO;
				DEBUG_INFORMATION_FORMAT = dwarf;
				ENABLE_STRICT_OBJC_MSGSEND = YES;
				ENABLE_TESTABILITY = YES;
				GCC_C_LANGUAGE_STANDARD = gnu99;
				GCC_DYNAMIC_NO_PIC = NO;
				GCC_NO_COMMON_BLOCKS = YES;
				GCC_OPTIMIZATION_LEVEL = 0;
				GCC_PREPROCESSOR_DEFINITIONS = (
					"DEBUG=1",
					"$(inherited)",
				);
				GCC_WARN_64_TO_32_BIT_CONVERSION = YES;
				GCC_WARN_ABOUT_RETURN_TYPE = YES_ERROR;
				GCC_WARN_UNDECLARED_SELECTOR = YES;
				GCC_WARN_UNINITIALIZED_AUTOS = YES_AGGRESSIVE;
				GCC_WARN_UNUSED_FUNCTION = YES;
				GCC_WARN_UNUSED_VARIABLE = YES;
				IPHONEOS_DEPLOYMENT_TARGET = 9.2;
				MTL_ENABLE_DEBUG_INFO = YES;
				ONLY_ACTIVE_ARCH = YES;
				SDKROOT = iphoneos;
				TARGETED_DEVICE_FAMILY = "1,2";
			};
			name = Debug;
		};
		9405F7341C535D3000C39CD8 /* Release */ = {
			isa = XCBuildConfiguration;
			buildSettings = {
				ALWAYS_SEARCH_USER_PATHS = NO;
				CLANG_CXX_LANGUAGE_STANDARD = "gnu++0x";
				CLANG_CXX_LIBRARY = "libc++";
				CLANG_ENABLE_MODULES = YES;
				CLANG_ENABLE_OBJC_ARC = YES;
				CLANG_WARN_BOOL_CONVERSION = YES;
				CLANG_WARN_CONSTANT_CONVERSION = YES;
				CLANG_WARN_DIRECT_OBJC_ISA_USAGE = YES_ERROR;
				CLANG_WARN_EMPTY_BODY = YES;
				CLANG_WARN_ENUM_CONVERSION = YES;
				CLANG_WARN_INT_CONVERSION = YES;
				CLANG_WARN_OBJC_ROOT_CLASS = YES_ERROR;
				CLANG_WARN_UNREACHABLE_CODE = YES;
				CLANG_WARN__DUPLICATE_METHOD_MATCH = YES;
				"CODE_SIGN_IDENTITY[sdk=iphoneos*]" = "iPhone Developer";
				COPY_PHASE_STRIP = NO;
				DEBUG_INFORMATION_FORMAT = "dwarf-with-dsym";
				ENABLE_NS_ASSERTIONS = NO;
				ENABLE_STRICT_OBJC_MSGSEND = YES;
				GCC_C_LANGUAGE_STANDARD = gnu99;
				GCC_NO_COMMON_BLOCKS = YES;
				GCC_WARN_64_TO_32_BIT_CONVERSION = YES;
				GCC_WARN_ABOUT_RETURN_TYPE = YES_ERROR;
				GCC_WARN_UNDECLARED_SELECTOR = YES;
				GCC_WARN_UNINITIALIZED_AUTOS = YES_AGGRESSIVE;
				GCC_WARN_UNUSED_FUNCTION = YES;
				GCC_WARN_UNUSED_VARIABLE = YES;
				IPHONEOS_DEPLOYMENT_TARGET = 9.2;
				MTL_ENABLE_DEBUG_INFO = NO;
				SDKROOT = iphoneos;
				TARGETED_DEVICE_FAMILY = "1,2";
				VALIDATE_PRODUCT = YES;
			};
			name = Release;
		};
		9405F7361C535D3000C39CD8 /* Debug */ = {
			isa = XCBuildConfiguration;
			buildSettings = {
				ASSETCATALOG_COMPILER_APPICON_NAME = AppIcon;
				FRAMEWORK_SEARCH_PATHS = (
					"$(inherited)",
					"$(PROJECT_DIR)",
				);
				HEADER_SEARCH_PATHS = "HoundSDK/include/**";
				INFOPLIST_FILE = "Siri 2.0/Info.plist";
				LD_RUNPATH_SEARCH_PATHS = "$(inherited) @executable_path/Frameworks";
				LIBRARY_SEARCH_PATHS = (
					"$(inherited)",
					"$(PROJECT_DIR)/HoundSDK",
				);
				PRODUCT_BUNDLE_IDENTIFIER = "com.ryan.Siri-2-0";
				PRODUCT_NAME = "$(TARGET_NAME)";
			};
			name = Debug;
		};
		9405F7371C535D3000C39CD8 /* Release */ = {
			isa = XCBuildConfiguration;
			buildSettings = {
				ASSETCATALOG_COMPILER_APPICON_NAME = AppIcon;
				FRAMEWORK_SEARCH_PATHS = (
					"$(inherited)",
					"$(PROJECT_DIR)",
				);
				HEADER_SEARCH_PATHS = "HoundSDK/include/**";
				INFOPLIST_FILE = "Siri 2.0/Info.plist";
				LD_RUNPATH_SEARCH_PATHS = "$(inherited) @executable_path/Frameworks";
				LIBRARY_SEARCH_PATHS = (
					"$(inherited)",
					"$(PROJECT_DIR)/HoundSDK",
				);
				PRODUCT_BUNDLE_IDENTIFIER = "com.ryan.Siri-2-0";
				PRODUCT_NAME = "$(TARGET_NAME)";
			};
			name = Release;
		};
		9405F7391C535D3000C39CD8 /* Debug */ = {
			isa = XCBuildConfiguration;
			buildSettings = {
				BUNDLE_LOADER = "$(TEST_HOST)";
				INFOPLIST_FILE = "Siri 2.0Tests/Info.plist";
				LD_RUNPATH_SEARCH_PATHS = "$(inherited) @executable_path/Frameworks @loader_path/Frameworks";
				PRODUCT_BUNDLE_IDENTIFIER = "com.ryan.Siri-2-0Tests";
				PRODUCT_NAME = "$(TARGET_NAME)";
				TEST_HOST = "$(BUILT_PRODUCTS_DIR)/Siri 2.0.app/Siri 2.0";
			};
			name = Debug;
		};
		9405F73A1C535D3000C39CD8 /* Release */ = {
			isa = XCBuildConfiguration;
			buildSettings = {
				BUNDLE_LOADER = "$(TEST_HOST)";
				INFOPLIST_FILE = "Siri 2.0Tests/Info.plist";
				LD_RUNPATH_SEARCH_PATHS = "$(inherited) @executable_path/Frameworks @loader_path/Frameworks";
				PRODUCT_BUNDLE_IDENTIFIER = "com.ryan.Siri-2-0Tests";
				PRODUCT_NAME = "$(TARGET_NAME)";
				TEST_HOST = "$(BUILT_PRODUCTS_DIR)/Siri 2.0.app/Siri 2.0";
			};
			name = Release;
		};
		9405F73C1C535D3000C39CD8 /* Debug */ = {
			isa = XCBuildConfiguration;
			buildSettings = {
				INFOPLIST_FILE = "Siri 2.0UITests/Info.plist";
				LD_RUNPATH_SEARCH_PATHS = "$(inherited) @executable_path/Frameworks @loader_path/Frameworks";
				PRODUCT_BUNDLE_IDENTIFIER = "com.ryan.Siri-2-0UITests";
				PRODUCT_NAME = "$(TARGET_NAME)";
				TEST_TARGET_NAME = "Siri 2.0";
				USES_XCTRUNNER = YES;
			};
			name = Debug;
		};
		9405F73D1C535D3000C39CD8 /* Release */ = {
			isa = XCBuildConfiguration;
			buildSettings = {
				INFOPLIST_FILE = "Siri 2.0UITests/Info.plist";
				LD_RUNPATH_SEARCH_PATHS = "$(inherited) @executable_path/Frameworks @loader_path/Frameworks";
				PRODUCT_BUNDLE_IDENTIFIER = "com.ryan.Siri-2-0UITests";
				PRODUCT_NAME = "$(TARGET_NAME)";
				TEST_TARGET_NAME = "Siri 2.0";
				USES_XCTRUNNER = YES;
			};
			name = Release;
		};
/* End XCBuildConfiguration section */

/* Begin XCConfigurationList section */
		9405F7031C535D3000C39CD8 /* Build configuration list for PBXProject "Siri 2.0" */ = {
			isa = XCConfigurationList;
			buildConfigurations = (
				9405F7331C535D3000C39CD8 /* Debug */,
				9405F7341C535D3000C39CD8 /* Release */,
			);
			defaultConfigurationIsVisible = 0;
			defaultConfigurationName = Release;
		};
		9405F7351C535D3000C39CD8 /* Build configuration list for PBXNativeTarget "Siri 2.0" */ = {
			isa = XCConfigurationList;
			buildConfigurations = (
				9405F7361C535D3000C39CD8 /* Debug */,
				9405F7371C535D3000C39CD8 /* Release */,
			);
			defaultConfigurationIsVisible = 0;
			defaultConfigurationName = Release;
		};
		9405F7381C535D3000C39CD8 /* Build configuration list for PBXNativeTarget "Siri 2.0Tests" */ = {
			isa = XCConfigurationList;
			buildConfigurations = (
				9405F7391C535D3000C39CD8 /* Debug */,
				9405F73A1C535D3000C39CD8 /* Release */,
			);
			defaultConfigurationIsVisible = 0;
			defaultConfigurationName = Release;
		};
		9405F73B1C535D3000C39CD8 /* Build configuration list for PBXNativeTarget "Siri 2.0UITests" */ = {
			isa = XCConfigurationList;
			buildConfigurations = (
				9405F73C1C535D3000C39CD8 /* Debug */,
				9405F73D1C535D3000C39CD8 /* Release */,
			);
			defaultConfigurationIsVisible = 0;
			defaultConfigurationName = Release;
		};
/* End XCConfigurationList section */
	};
	rootObject = 9405F7001C535D3000C39CD8 /* Project object */;
}
